{
  "requires": true,
  "lockfileVersion": 1,
  "dependencies": {
    "types-registry": {
      "version": "0.1.520",
      "resolved": "https://registry.npmjs.org/types-registry/-/types-registry-0.1.520.tgz",
      "integrity": "sha512-pd5ZuMzXDDSeONpd2bl6hOLDu2soguWBg0lx2wk884usazppglTDrEcahU9DIdQEydx8lq/Xd3TtIoHXK1OpIg=="
    }
  }
}
